{
  "nodes": {
    "nixpkgs": {
      "locked": {
        "lastModified": 1752950548,
        "narHash": "sha256-NS6BLD0lxOrnCiEOcvQCDVPXafX1/ek1dfJHX1nUIzc=",
        "owner": "nixos",
        "repo": "nixpkgs",
        "rev": "c87b95e25065c028d31a94f06a62927d18763fdf",
        "type": "github"
      },
      "original": {
        "owner": "nixos",
        "ref": "nixos-unstable",
        "repo": "nixpkgs",
        "type": "github"
      }
    },
    "nixpkgs_2": {
      "locked": {
        "lastModified": 1788614874,
        "narHash": "sha256-7QYjT2vHLuX9Z1pdxHXDKCbh1CR3D/2rywB9Tx0MPRg=",
        "owner": "nixos",
        "repo": "nixpkgs",
        "rev": "c043004d1c6985732bcc1cbc5a9c9aecbbb4e0f0",
        "type": "github"
      },
      "original": {
        "owner": "nixos",
        "ref": "nixos-unstable",
        "repo": "nixpkgs",
        "type": "github"
      }
    },
    "nixpkgs_3": {
      "locked": {
        "lastModified": 1788614874,
        "narHash": "sha256-7QYjT2vHLuX9Z1pdxHXDKCbh1CR3D/2rywB9Tx0MPRg=",
        "owner": "nixos",
        "repo": "nixpkgs",
        "rev": "c043004d1c6985732bcc1cbc5a9c9aecbbb4e0f0",
        "type": "github"
      },
      "original": {
        "owner": "nixos",
        "ref": "nixos-unstable",
        "repo": "nixpkgs",
        "type": "github"
      }
    },
    "nixpkgs_4": {
      "locked": {
        "lastModified": 1784356753,
        "narHash": "sha256-12KrbMiWLcf8m7pCvAtZh1ZrgF85ZXDXvfR/fWTKy84=",
        "owner": "nixos",
        "repo": "nixpkgs",
        "rev": "61b7c44c4073f0b827768aff0049561b5110ea5a",
        "type": "github"
      },
      "original": {
        "owner": "nixos",
        "ref": "nixos-unstable",
        "repo": "nixpkgs",
        "type": "github"
      }
    },
    "nixpkgs_5": {
      "locked": {
        "lastModified": 1774386573,
        "narHash": "sha256-4hAV26quOxdC6iyG7kYaZcM3VOskcPUrdCQd/nx8obc=",
        "owner": "nixos",
        "repo": "nixpkgs",
        "rev": "46db2e09e1d3f113a13c0d7b81e2f221c63b8ce9",
        "type": "github"
      },
      "original": {
        "owner": "nixos",
        "ref": "nixos-unstable",
        "repo": "nixpkgs",
        "type": "github"
      }
    },
    "nixpkgs_6": {
      "locked": {
        "lastModified": 1784356753,
        "narHash": "sha256-12KrbMiWLcf8m7pCvAtZh1ZrgF85ZXDXvfR/fWTKy84=",
        "owner": "nixos",
        "repo": "nixpkgs",
        "rev": "61b7c44c4073f0b827768aff0049561b5110ea5a",
        "type": "github"
      },
      "original": {
        "owner": "nixos",
        "ref": "nixos-unstable",
        "repo": "nixpkgs",
        "type": "github"
      }
    },
    "nixpkgs_7": {
      "locked": {
        "lastModified": 1788614874,
        "narHash": "sha256-7QYjT2vHLuX9Z1pdxHXDKCbh1CR3D/2rywB9Tx0MPRg=",
        "owner": "nixos",
        "repo": "nixpkgs",
        "rev": "c043004d1c6985732bcc1cbc5a9c9aecbbb4e0f0",
        "type": "github"
      },
      "original": {
        "owner": "nixos",
        "ref": "nixos-unstable",
        "repo": "nixpkgs",
        "type": "github"
      }
    },
    "nixpkgs_8": {
      "locked": {
        "lastModified": 1784356753,
        "narHash": "sha256-12KrbMiWLcf8m7pCvAtZh1ZrgF85ZXDXvfR/fWTKy84=",
        "owner": "nixos",
        "repo": "nixpkgs",
        "rev": "61b7c44c4073f0b827768aff0049561b5110ea5a",
        "type": "github"
      },
      "original": {
        "owner": "nixos",
        "ref": "nixos-unstable",
        "repo": "nixpkgs",
        "type": "github"
      }
    },
    "root": {
      "inputs": {
        "nixpkgs": "nixpkgs",
        "tablog": "tablog",
        "tql": "tql",
        "ttp2": "ttp2",
        "tud": "tud"
      }
    },
    "tablog": {
      "inputs": {
        "nixpkgs": "nixpkgs_2"
      },
      "locked": {
        "lastModified": 1784813121,
        "narHash": "sha256-ixwsmElsnlQE0MHPjS6m5+XmS47bFPHBYtZIxCTwLB8=",
        "owner": "Sobottasgithub",
        "repo": "tablog",
        "rev": "e47b0796e6a0820315a846fb02a9c9c89b5bda33",
        "type": "github"
      },
      "original": {
        "owner": "Sobottasgithub",
        "repo": "tablog",
        "type": "github"
      }
    },
    "tablog_2": {
      "inputs": {
        "nixpkgs": "nixpkgs_4"
      },
      "locked": {
        "lastModified": 1784558310,
        "narHash": "sha256-4d0QJZu5j5vDgJ/bp2kkMiBcivD9CDZSOrkCFcNKZXQ=",
        "owner": "Sobottasgithub",
        "repo": "tablog",
        "rev": "ded1d9094b5a76c323be795b674ee3fa7514c950",
        "type": "github"
      },
      "original": {
        "owner": "Sobottasgithub",
        "repo": "tablog",
        "type": "github"
      }
    },
    "tablog_3": {
      "inputs": {
        "nixpkgs": "nixpkgs_6"
      },
      "locked": {
        "lastModified": 1784813121,
        "narHash": "sha256-ixwsmElsnlQE0MHPjS6m5+XmS47bFPHBYtZIxCTwLB8=",
        "owner": "Sobottasgithub",
        "repo": "tablog",
        "rev": "e47b0796e6a0820315a846fb02a9c9c89b5bda33",
        "type": "github"
      },
      "original": {
        "owner": "Sobottasgithub",
        "repo": "tablog",
        "type": "github"
      }
    },
    "tablog_4": {
      "inputs": {
        "nixpkgs": "nixpkgs_8"
      },
      "locked": {
        "lastModified": 1784813121,
        "narHash": "sha256-ixwsmElsnlQE0MHPjS6m5+XmS47bFPHBYtZIxCTwLB8=",
        "owner": "Sobottasgithub",
        "repo": "tablog",
        "rev": "e47b0796e6a0820315a846fb02a9c9c89b5bda33",
        "type": "github"
      },
      "original": {
        "owner": "Sobottasgithub",
        "repo": "tablog",
        "type": "github"
      }
    },
    "tql": {
      "inputs": {
        "nixpkgs": "nixpkgs_3",
        "tablog": "tablog_2"
      },
      "locked": {
        "lastModified": 1788686163,
        "narHash": "sha256-7bjex7qTKgx9rXUDJVMnf71SNeUIiPJmCLSbJumCx9g=",
        "owner": "Sobottasgithub",
        "repo": "tql",
        "rev": "28295e0955bb7a5fe4c8a8de672b49fc49d67d2b",
        "type": "github"
      },
      "original": {
        "owner": "Sobottasgithub",
        "repo": "tql",
        "type": "github"
      }
    },
    "ttp2": {
      "inputs": {
        "nixpkgs": "nixpkgs_5",
        "tablog": "tablog_3"
      },
      "locked": {
        "lastModified": 1788693475,
        "narHash": "sha256-6EfPWqzSz3/6eSwLwWNAgZm6MPU2GWK2a2gwyu/KOTc=",
        "owner": "Sobottasgithub",
        "repo": "ttp2",
        "rev": "f5427214abce69084128a895e66eb87b4f1eceaa",
        "type": "github"
      },
      "original": {
        "owner": "Sobottasgithub",
        "repo": "ttp2",
        "type": "github"
      }
    },
    "tud": {
      "inputs": {
        "nixpkgs": "nixpkgs_7",
        "tablog": "tablog_4"
      },
      "locked": {
        "lastModified": 1784813247,
        "narHash": "sha256-PEK+WKyQMJCJQ9NZX5wmMsZLw8VF0SGWArYJZrkWoLA=",
        "owner": "Sobottasgithub",
        "repo": "tud",
        "rev": "962baa6fe7015c5723f996ab89f74aac54e7c6cc",
        "type": "github"
      },
      "original": {
        "owner": "Sobottasgithub",
        "repo": "tud",
        "type": "github"
      }
    }
  },
  "root": "root",
  "version": 7
}
