{
  "nodes": {
    "nixpkgs": {
      "locked": {
        "lastModified": 1752950548,
        "narHash": "sha256-NS6BLD0lxOrnCiEOcvQCDVPXafX1/ek1dfJHX1nUIzc=",
        "owner": "nixos",
        "repo": "nixpkgs",
        "rev": "c87b95e25065c028d31a94f06a62927d18763fdf",
        "type": "github"
      },
      "original": {
        "owner": "nixos",
        "ref": "nixos-unstable",
        "repo": "nixpkgs",
        "type": "github"
      }
    },
    "nixpkgs_2": {
      "locked": {
        "lastModified": 1784356753,
        "narHash": "sha256-12KrbMiWLcf8m7pCvAtZh1ZrgF85ZXDXvfR/fWTKy84=",
        "owner": "nixos",
        "repo": "nixpkgs",
        "rev": "61b7c44c4073f0b827768aff0049561b5110ea5a",
        "type": "github"
      },
      "original": {
        "owner": "nixos",
        "ref": "nixos-unstable",
        "repo": "nixpkgs",
        "type": "github"
      }
    },
    "nixpkgs_3": {
      "locked": {
        "lastModified": 1774386573,
        "narHash": "sha256-4hAV26quOxdC6iyG7kYaZcM3VOskcPUrdCQd/nx8obc=",
        "owner": "nixos",
        "repo": "nixpkgs",
        "rev": "46db2e09e1d3f113a13c0d7b81e2f221c63b8ce9",
        "type": "github"
      },
      "original": {
        "owner": "nixos",
        "ref": "nixos-unstable",
        "repo": "nixpkgs",
        "type": "github"
      }
    },
    "nixpkgs_4": {
      "locked": {
        "lastModified": 1784356753,
        "narHash": "sha256-12KrbMiWLcf8m7pCvAtZh1ZrgF85ZXDXvfR/fWTKy84=",
        "owner": "nixos",
        "repo": "nixpkgs",
        "rev": "61b7c44c4073f0b827768aff0049561b5110ea5a",
        "type": "github"
      },
      "original": {
        "owner": "nixos",
        "ref": "nixos-unstable",
        "repo": "nixpkgs",
        "type": "github"
      }
    },
    "nixpkgs_5": {
      "locked": {
        "lastModified": 1780243769,
        "narHash": "sha256-x5UQuRsH3MqI0U9afaXSNqzTPSeZlRLvFAav2Ux1pNw=",
        "owner": "nixos",
        "repo": "nixpkgs",
        "rev": "331800de5053fcebacf6813adb5db9c9dca22a0c",
        "type": "github"
      },
      "original": {
        "owner": "nixos",
        "ref": "nixos-unstable",
        "repo": "nixpkgs",
        "type": "github"
      }
    },
    "nixpkgs_6": {
      "locked": {
        "lastModified": 1784356753,
        "narHash": "sha256-12KrbMiWLcf8m7pCvAtZh1ZrgF85ZXDXvfR/fWTKy84=",
        "owner": "nixos",
        "repo": "nixpkgs",
        "rev": "61b7c44c4073f0b827768aff0049561b5110ea5a",
        "type": "github"
      },
      "original": {
        "owner": "nixos",
        "ref": "nixos-unstable",
        "repo": "nixpkgs",
        "type": "github"
      }
    },
    "root": {
      "inputs": {
        "nixpkgs": "nixpkgs",
        "tablog": "tablog",
        "ttp2": "ttp2",
        "tud": "tud"
      }
    },
    "tablog": {
      "inputs": {
        "nixpkgs": "nixpkgs_2"
      },
      "locked": {
        "lastModified": 1784813121,
        "narHash": "sha256-ixwsmElsnlQE0MHPjS6m5+XmS47bFPHBYtZIxCTwLB8=",
        "owner": "Sobottasgithub",
        "repo": "tablog",
        "rev": "e47b0796e6a0820315a846fb02a9c9c89b5bda33",
        "type": "github"
      },
      "original": {
        "owner": "Sobottasgithub",
        "repo": "tablog",
        "type": "github"
      }
    },
    "tablog_2": {
      "inputs": {
        "nixpkgs": "nixpkgs_4"
      },
      "locked": {
        "lastModified": 1784813121,
        "narHash": "sha256-ixwsmElsnlQE0MHPjS6m5+XmS47bFPHBYtZIxCTwLB8=",
        "owner": "Sobottasgithub",
        "repo": "tablog",
        "rev": "e47b0796e6a0820315a846fb02a9c9c89b5bda33",
        "type": "github"
      },
      "original": {
        "owner": "Sobottasgithub",
        "repo": "tablog",
        "type": "github"
      }
    },
    "tablog_3": {
      "inputs": {
        "nixpkgs": "nixpkgs_6"
      },
      "locked": {
        "lastModified": 1784813121,
        "narHash": "sha256-ixwsmElsnlQE0MHPjS6m5+XmS47bFPHBYtZIxCTwLB8=",
        "owner": "Sobottasgithub",
        "repo": "tablog",
        "rev": "e47b0796e6a0820315a846fb02a9c9c89b5bda33",
        "type": "github"
      },
      "original": {
        "owner": "Sobottasgithub",
        "repo": "tablog",
        "type": "github"
      }
    },
    "ttp2": {
      "inputs": {
        "nixpkgs": "nixpkgs_3",
        "tablog": "tablog_2"
      },
      "locked": {
        "lastModified": 1784903486,
        "narHash": "sha256-f7PF4H0uD1clb+9ZV04Gxew4KjgT3DatSnvALmRunWg=",
        "owner": "Sobottasgithub",
        "repo": "ttp2",
        "rev": "015211810584b05cd88607d10d683e29967a42d4",
        "type": "github"
      },
      "original": {
        "owner": "Sobottasgithub",
        "repo": "ttp2",
        "type": "github"
      }
    },
    "tud": {
      "inputs": {
        "nixpkgs": "nixpkgs_5",
        "tablog": "tablog_3"
      },
      "locked": {
        "lastModified": 1784813247,
        "narHash": "sha256-PEK+WKyQMJCJQ9NZX5wmMsZLw8VF0SGWArYJZrkWoLA=",
        "owner": "Sobottasgithub",
        "repo": "tud",
        "rev": "962baa6fe7015c5723f996ab89f74aac54e7c6cc",
        "type": "github"
      },
      "original": {
        "owner": "Sobottasgithub",
        "repo": "tud",
        "type": "github"
      }
    }
  },
  "root": "root",
  "version": 7
}
