{
  "nodes": {
    "nixpkgs": {
      "locked": {
        "lastModified": 1788614874,
        "narHash": "sha256-7QYjT2vHLuX9Z1pdxHXDKCbh1CR3D/2rywB9Tx0MPRg=",
        "owner": "nixos",
        "repo": "nixpkgs",
        "rev": "c043004d1c6985732bcc1cbc5a9c9aecbbb4e0f0",
        "type": "github"
      },
      "original": {
        "owner": "nixos",
        "ref": "nixos-unstable",
        "repo": "nixpkgs",
        "type": "github"
      }
    },
    "nixpkgs_2": {
      "locked": {
        "lastModified": 1784356753,
        "narHash": "sha256-12KrbMiWLcf8m7pCvAtZh1ZrgF85ZXDXvfR/fWTKy84=",
        "owner": "nixos",
        "repo": "nixpkgs",
        "rev": "61b7c44c4073f0b827768aff0049561b5110ea5a",
        "type": "github"
      },
      "original": {
        "owner": "nixos",
        "ref": "nixos-unstable",
        "repo": "nixpkgs",
        "type": "github"
      }
    },
    "nixpkgs_3": {
      "locked": {
        "lastModified": 1784356753,
        "narHash": "sha256-12KrbMiWLcf8m7pCvAtZh1ZrgF85ZXDXvfR/fWTKy84=",
        "owner": "nixos",
        "repo": "nixpkgs",
        "rev": "61b7c44c4073f0b827768aff0049561b5110ea5a",
        "type": "github"
      },
      "original": {
        "owner": "nixos",
        "ref": "nixos-unstable",
        "repo": "nixpkgs",
        "type": "github"
      }
    },
    "nixpkgs_4": {
      "locked": {
        "lastModified": 1784356753,
        "narHash": "sha256-12KrbMiWLcf8m7pCvAtZh1ZrgF85ZXDXvfR/fWTKy84=",
        "owner": "nixos",
        "repo": "nixpkgs",
        "rev": "61b7c44c4073f0b827768aff0049561b5110ea5a",
        "type": "github"
      },
      "original": {
        "owner": "nixos",
        "ref": "nixos-unstable",
        "repo": "nixpkgs",
        "type": "github"
      }
    },
    "root": {
      "inputs": {
        "nixpkgs": "nixpkgs",
        "tablog": "tablog",
        "tql": "tql",
        "ttp2": "ttp2",
        "tud": "tud"
      }
    },
    "tablog": {
      "inputs": {
        "nixpkgs": [
          "nixpkgs"
        ]
      },
      "locked": {
        "lastModified": 1784813121,
        "narHash": "sha256-ixwsmElsnlQE0MHPjS6m5+XmS47bFPHBYtZIxCTwLB8=",
        "owner": "Sobottasgithub",
        "repo": "tablog",
        "rev": "e47b0796e6a0820315a846fb02a9c9c89b5bda33",
        "type": "github"
      },
      "original": {
        "owner": "Sobottasgithub",
        "repo": "tablog",
        "type": "github"
      }
    },
    "tablog_2": {
      "inputs": {
        "nixpkgs": "nixpkgs_2"
      },
      "locked": {
        "lastModified": 1784813121,
        "narHash": "sha256-ixwsmElsnlQE0MHPjS6m5+XmS47bFPHBYtZIxCTwLB8=",
        "owner": "Sobottasgithub",
        "repo": "tablog",
        "rev": "e47b0796e6a0820315a846fb02a9c9c89b5bda33",
        "type": "github"
      },
      "original": {
        "owner": "Sobottasgithub",
        "repo": "tablog",
        "type": "github"
      }
    },
    "tablog_3": {
      "inputs": {
        "nixpkgs": "nixpkgs_3"
      },
      "locked": {
        "lastModified": 1784813121,
        "narHash": "sha256-ixwsmElsnlQE0MHPjS6m5+XmS47bFPHBYtZIxCTwLB8=",
        "owner": "Sobottasgithub",
        "repo": "tablog",
        "rev": "e47b0796e6a0820315a846fb02a9c9c89b5bda33",
        "type": "github"
      },
      "original": {
        "owner": "Sobottasgithub",
        "repo": "tablog",
        "type": "github"
      }
    },
    "tablog_4": {
      "inputs": {
        "nixpkgs": "nixpkgs_4"
      },
      "locked": {
        "lastModified": 1784813121,
        "narHash": "sha256-ixwsmElsnlQE0MHPjS6m5+XmS47bFPHBYtZIxCTwLB8=",
        "owner": "Sobottasgithub",
        "repo": "tablog",
        "rev": "e47b0796e6a0820315a846fb02a9c9c89b5bda33",
        "type": "github"
      },
      "original": {
        "owner": "Sobottasgithub",
        "repo": "tablog",
        "type": "github"
      }
    },
    "tql": {
      "inputs": {
        "nixpkgs": [
          "nixpkgs"
        ],
        "tablog": "tablog_2"
      },
      "locked": {
        "lastModified": 1788771056,
        "narHash": "sha256-fYTj4zDWMlm+voTjRjlVAhoPkb5D240yqz0suDEyuHY=",
        "owner": "Sobottasgithub",
        "repo": "tql",
        "rev": "04cd19a94297421752b6f00dcbe4c7431331c9c2",
        "type": "github"
      },
      "original": {
        "owner": "Sobottasgithub",
        "repo": "tql",
        "type": "github"
      }
    },
    "ttp2": {
      "inputs": {
        "nixpkgs": [
          "nixpkgs"
        ],
        "tablog": "tablog_3"
      },
      "locked": {
        "lastModified": 1789030062,
        "narHash": "sha256-JRQoF0YCRh1ex8ff6lMfBCQ5qkTzJ36uCv+6FtovQEw=",
        "owner": "Sobottasgithub",
        "repo": "ttp2",
        "rev": "0a74e8bd95b8398489ba22a5232e0175ee996ffd",
        "type": "github"
      },
      "original": {
        "owner": "Sobottasgithub",
        "repo": "ttp2",
        "type": "github"
      }
    },
    "tud": {
      "inputs": {
        "nixpkgs": [
          "nixpkgs"
        ],
        "tablog": "tablog_4"
      },
      "locked": {
        "lastModified": 1784813247,
        "narHash": "sha256-PEK+WKyQMJCJQ9NZX5wmMsZLw8VF0SGWArYJZrkWoLA=",
        "owner": "Sobottasgithub",
        "repo": "tud",
        "rev": "962baa6fe7015c5723f996ab89f74aac54e7c6cc",
        "type": "github"
      },
      "original": {
        "owner": "Sobottasgithub",
        "repo": "tud",
        "type": "github"
      }
    }
  },
  "root": "root",
  "version": 7
}
